{
  "name": "music-visualizer",
  "version": "1.0.0",
  "lockfileVersion": 3,
  "requires": true,
  "packages": {
    "": {
      "name": "music-visualizer",
      "version": "1.0.0",
      "license": "ISC",
      "dependencies": {
        "note-to-frequency": "^1.4.1"
      }
    },
    "node_modules/note-to-frequency": {
      "version": "1.4.1",
      "resolved": "https://registry.npmjs.org/note-to-frequency/-/note-to-frequency-1.4.1.tgz",
      "integrity": "sha512-II9X1Ruu78ErzsdJ0pfjmV7EAEHhYZ7r2ibKTK9rHaJyDLgo9OmxCBoGTTn/aitd/BY1i0oONoHLOZM51gZh4g==",
      "license": "MIT",
      "dependencies": {
        "validate-note": "^1.4.0"
      },
      "engines": {
        "node": ">=4.0.0"
      }
    },
    "node_modules/validate-note": {
      "version": "1.4.0",
      "resolved": "https://registry.npmjs.org/validate-note/-/validate-note-1.4.0.tgz",
      "integrity": "sha512-Lqt4+BQAze9x/AzCtFRn1sVDuCbBWc/DPixb95ACF8JRyUqt6ut/Qtof90plsmx9VrcY78MAmLvRbmdQBjUQEQ==",
      "license": "MIT",
      "engines": {
        "node": ">=4.0.0"
      }
    }
  }
}
